
Microsoft Visual Studio Solution File, Format Version 12.00
# Visual Studio Version 16
VisualStudioVersion = 16.0.31321.278
MinimumVisualStudioVersion = 10.0.40219.1
Project("{FAE04EC0-301F-11D3-BF4B-00C04F79EFBC}") = "funcionario_crud", "funcionario_crud\funcionario_crud.csproj", "{50A4045F-8ED0-4D75-AC91-8FF1F81C98BC}"
EndProject
Global
	GlobalSection(SolutionConfigurationPlatforms) = preSolution
		Debug|Any CPU = Debug|Any CPU
		Release|Any CPU = Release|Any CPU
	EndGlobalSection
	GlobalSection(ProjectConfigurationPlatforms) = postSolution
		{50A4045F-8ED0-4D75-AC91-8FF1F81C98BC}.Debug|Any CPU.ActiveCfg = Debug|Any CPU
		{50A4045F-8ED0-4D75-AC91-8FF1F81C98BC}.Debug|Any CPU.Build.0 = Debug|Any CPU
		{50A4045F-8ED0-4D75-AC91-8FF1F81C98BC}.Release|Any CPU.ActiveCfg = Release|Any CPU
		{50A4045F-8ED0-4D75-AC91-8FF1F81C98BC}.Release|Any CPU.Build.0 = Release|Any CPU
	EndGlobalSection
	GlobalSection(SolutionProperties) = preSolution
		HideSolutionNode = FALSE
	EndGlobalSection
	GlobalSection(ExtensibilityGlobals) = postSolution
		SolutionGuid = {D41E9D62-6683-4C78-8712-CBE9B1338FC0}
	EndGlobalSection
EndGlobal
